
Microsoft Visual Studio Solution File, Format Version 12.00
# Visual Studio Version 17
VisualStudioVersion = 17.12.35707.178
MinimumVisualStudioVersion = 10.0.40219.1
Project("{FAE04EC0-301F-11D3-BF4B-00C04F79EFBC}") = "Publisher", "Publisher\Publisher.csproj", "{ED7B969C-7BE3-4EB7-8CBE-31296D56F3E9}"
EndProject
Project("{FAE04EC0-301F-11D3-BF4B-00C04F79EFBC}") = "Subscriber", "Subscriber\Subscriber.csproj", "{B13C0014-3651-49D1-9B33-02F67869583C}"
EndProject
Project("{FAE04EC0-301F-11D3-BF4B-00C04F79EFBC}") = "NATSbyDocs", "NATSbyDocs\NATSbyDocs.csproj", "{18B95573-C5C3-4A44-9C7F-36670FC4F685}"
EndProject
Global
	GlobalSection(SolutionConfigurationPlatforms) = preSolution
		Debug|Any CPU = Debug|Any CPU
		Release|Any CPU = Release|Any CPU
	EndGlobalSection
	GlobalSection(ProjectConfigurationPlatforms) = postSolution
		{ED7B969C-7BE3-4EB7-8CBE-31296D56F3E9}.Debug|Any CPU.ActiveCfg = Debug|Any CPU
		{ED7B969C-7BE3-4EB7-8CBE-31296D56F3E9}.Debug|Any CPU.Build.0 = Debug|Any CPU
		{ED7B969C-7BE3-4EB7-8CBE-31296D56F3E9}.Release|Any CPU.ActiveCfg = Release|Any CPU
		{ED7B969C-7BE3-4EB7-8CBE-31296D56F3E9}.Release|Any CPU.Build.0 = Release|Any CPU
		{B13C0014-3651-49D1-9B33-02F67869583C}.Debug|Any CPU.ActiveCfg = Debug|Any CPU
		{B13C0014-3651-49D1-9B33-02F67869583C}.Debug|Any CPU.Build.0 = Debug|Any CPU
		{B13C0014-3651-49D1-9B33-02F67869583C}.Release|Any CPU.ActiveCfg = Release|Any CPU
		{B13C0014-3651-49D1-9B33-02F67869583C}.Release|Any CPU.Build.0 = Release|Any CPU
		{18B95573-C5C3-4A44-9C7F-36670FC4F685}.Debug|Any CPU.ActiveCfg = Debug|Any CPU
		{18B95573-C5C3-4A44-9C7F-36670FC4F685}.Debug|Any CPU.Build.0 = Debug|Any CPU
		{18B95573-C5C3-4A44-9C7F-36670FC4F685}.Release|Any CPU.ActiveCfg = Release|Any CPU
		{18B95573-C5C3-4A44-9C7F-36670FC4F685}.Release|Any CPU.Build.0 = Release|Any CPU
	EndGlobalSection
	GlobalSection(SolutionProperties) = preSolution
		HideSolutionNode = FALSE
	EndGlobalSection
EndGlobal
